
Microsoft Visual Studio Solution File, Format Version 12.00
# Visual Studio Version 16
VisualStudioVersion = 16.0.29728.190
MinimumVisualStudioVersion = 10.0.40219.1
Project("{FAE04EC0-301F-11D3-BF4B-00C04F79EFBC}") = "CustomApproval.Web", "CustomApproval.Web\CustomApproval.Web.csproj", "{2A896C3A-9ADD-4482-ABA1-CA0934624117}"
EndProject
Global
	GlobalSection(SolutionConfigurationPlatforms) = preSolution
		Debug|Any CPU = Debug|Any CPU
		Release|Any CPU = Release|Any CPU
	EndGlobalSection
	GlobalSection(ProjectConfigurationPlatforms) = postSolution
		{2A896C3A-9ADD-4482-ABA1-CA0934624117}.Debug|Any CPU.ActiveCfg = Debug|Any CPU
		{2A896C3A-9ADD-4482-ABA1-CA0934624117}.Debug|Any CPU.Build.0 = Debug|Any CPU
		{2A896C3A-9ADD-4482-ABA1-CA0934624117}.Release|Any CPU.ActiveCfg = Release|Any CPU
		{2A896C3A-9ADD-4482-ABA1-CA0934624117}.Release|Any CPU.Build.0 = Release|Any CPU
	EndGlobalSection
	GlobalSection(SolutionProperties) = preSolution
		HideSolutionNode = FALSE
	EndGlobalSection
	GlobalSection(ExtensibilityGlobals) = postSolution
		SolutionGuid = {8E8B7A33-624E-4E37-83E1-9124C0FF9842}
	EndGlobalSection
EndGlobal
